{
  "name": "celestial-data-getter",
  "version": "1.0.0",
  "lockfileVersion": 3,
  "requires": true,
  "packages": {
    "": {
      "name": "celestial-data-getter",
      "version": "1.0.0",
      "license": "ISC",
      "dependencies": {
        "luxon": "^3.4.3",
        "sweph": "^2.10.0-9"
      }
    },
    "node_modules/luxon": {
      "version": "3.4.3",
      "resolved": "https://registry.npmjs.org/luxon/-/luxon-3.4.3.tgz",
      "integrity": "sha512-tFWBiv3h7z+T/tDaoxA8rqTxy1CHV6gHS//QdaH4pulbq/JuBSGgQspQQqcgnwdAx6pNI7cmvz5Sv/addzHmUg==",
      "engines": {
        "node": ">=12"
      }
    },
    "node_modules/node-addon-api": {
      "version": "7.0.0",
      "resolved": "https://registry.npmjs.org/node-addon-api/-/node-addon-api-7.0.0.tgz",
      "integrity": "sha512-vgbBJTS4m5/KkE16t5Ly0WW9hz46swAstv0hYYwMtbG7AznRhNyfLRe8HZAiWIpcHzoO7HxhLuBQj9rJ/Ho0ZA=="
    },
    "node_modules/sweph": {
      "version": "2.10.0-9",
      "resolved": "https://registry.npmjs.org/sweph/-/sweph-2.10.0-9.tgz",
      "integrity": "sha512-CVgWsmUVPcfXIV7dl2EwfZhwWYfmFw5DXnNJFdjOP2xv/D+nC/e/jWCrPbeajtLR3iscO9ruEt7fjcmJRxNwKA==",
      "hasInstallScript": true,
      "dependencies": {
        "node-addon-api": "*"
      },
      "funding": {
        "url": "https://github.com/timotejroiko/sweph?sponsor=1"
      }
    }
  }
}
